
Microsoft Visual Studio Solution File, Format Version 12.00
Project("{FAE04EC0-301F-11D3-BF4B-00C04F79EFBC}") = "CoffeeMachine", "CoffeeMachine\CoffeeMachine.csproj", "{02E51410-E2A8-4FDB-A160-60FC0332F14A}"
EndProject
Project("{FAE04EC0-301F-11D3-BF4B-00C04F79EFBC}") = "CoffeMachineTests", "CoffeMachineTests\CoffeMachineTests.csproj", "{4DA737F8-287E-427A-9B68-B33022D772A1}"
EndProject
Project("{FAE04EC0-301F-11D3-BF4B-00C04F79EFBC}") = "SolarRefiller", "SolarRefiller\SolarRefiller.csproj", "{567AB286-8B7A-48C6-A422-383B1F72FC0A}"
EndProject
Project("{FAE04EC0-301F-11D3-BF4B-00C04F79EFBC}") = "Ingredients", "Ingredients\Ingredients.csproj", "{438B1751-5146-45F6-8B00-42F24D779E27}"
EndProject
Project("{FAE04EC0-301F-11D3-BF4B-00C04F79EFBC}") = "IRefiller", "IRefiller\IRefiller.csproj", "{F464DBEE-476C-4F15-AF3B-FE979B70EFD4}"
EndProject
Project("{FAE04EC0-301F-11D3-BF4B-00C04F79EFBC}") = "ElectricRefiller", "ElectricRefiller\ElectricRefiller.csproj", "{30544604-5389-4A4F-80F7-65958092654E}"
EndProject
Global
	GlobalSection(SolutionConfigurationPlatforms) = preSolution
		Debug|Any CPU = Debug|Any CPU
		Release|Any CPU = Release|Any CPU
	EndGlobalSection
	GlobalSection(ProjectConfigurationPlatforms) = postSolution
		{02E51410-E2A8-4FDB-A160-60FC0332F14A}.Debug|Any CPU.ActiveCfg = Debug|Any CPU
		{02E51410-E2A8-4FDB-A160-60FC0332F14A}.Debug|Any CPU.Build.0 = Debug|Any CPU
		{02E51410-E2A8-4FDB-A160-60FC0332F14A}.Release|Any CPU.ActiveCfg = Release|Any CPU
		{02E51410-E2A8-4FDB-A160-60FC0332F14A}.Release|Any CPU.Build.0 = Release|Any CPU
		{4DA737F8-287E-427A-9B68-B33022D772A1}.Debug|Any CPU.ActiveCfg = Debug|Any CPU
		{4DA737F8-287E-427A-9B68-B33022D772A1}.Debug|Any CPU.Build.0 = Debug|Any CPU
		{4DA737F8-287E-427A-9B68-B33022D772A1}.Release|Any CPU.ActiveCfg = Release|Any CPU
		{4DA737F8-287E-427A-9B68-B33022D772A1}.Release|Any CPU.Build.0 = Release|Any CPU
		{567AB286-8B7A-48C6-A422-383B1F72FC0A}.Debug|Any CPU.ActiveCfg = Debug|Any CPU
		{567AB286-8B7A-48C6-A422-383B1F72FC0A}.Debug|Any CPU.Build.0 = Debug|Any CPU
		{567AB286-8B7A-48C6-A422-383B1F72FC0A}.Release|Any CPU.ActiveCfg = Release|Any CPU
		{567AB286-8B7A-48C6-A422-383B1F72FC0A}.Release|Any CPU.Build.0 = Release|Any CPU
		{438B1751-5146-45F6-8B00-42F24D779E27}.Debug|Any CPU.ActiveCfg = Debug|Any CPU
		{438B1751-5146-45F6-8B00-42F24D779E27}.Debug|Any CPU.Build.0 = Debug|Any CPU
		{438B1751-5146-45F6-8B00-42F24D779E27}.Release|Any CPU.ActiveCfg = Release|Any CPU
		{438B1751-5146-45F6-8B00-42F24D779E27}.Release|Any CPU.Build.0 = Release|Any CPU
		{F464DBEE-476C-4F15-AF3B-FE979B70EFD4}.Debug|Any CPU.ActiveCfg = Debug|Any CPU
		{F464DBEE-476C-4F15-AF3B-FE979B70EFD4}.Debug|Any CPU.Build.0 = Debug|Any CPU
		{F464DBEE-476C-4F15-AF3B-FE979B70EFD4}.Release|Any CPU.ActiveCfg = Release|Any CPU
		{F464DBEE-476C-4F15-AF3B-FE979B70EFD4}.Release|Any CPU.Build.0 = Release|Any CPU
		{30544604-5389-4A4F-80F7-65958092654E}.Debug|Any CPU.ActiveCfg = Debug|Any CPU
		{30544604-5389-4A4F-80F7-65958092654E}.Debug|Any CPU.Build.0 = Debug|Any CPU
		{30544604-5389-4A4F-80F7-65958092654E}.Release|Any CPU.ActiveCfg = Release|Any CPU
		{30544604-5389-4A4F-80F7-65958092654E}.Release|Any CPU.Build.0 = Release|Any CPU
	EndGlobalSection
EndGlobal
